# This file is autogenerated, do not edit; changes may be undone by the next 'dep ensure'.


[[projects]]
  branch = "master"
  digest = "1:b781c6ce2a81ea819878fe0e907182aa2d3e55629408a9fdbfdff62789f93614"
  name = "github.com/bluele/slack"
  packages = ["."]
  pruneopts = "UT"
  revision = "b4b4d354a079fbf4bd948faad01b32cecb2ffe03"

[[projects]]
  digest = "1:ffe9824d294da03b391f44e1ae8281281b4afc1bdaa9588c9097785e3af10cec"
  name = "github.com/davecgh/go-spew"
  packages = ["spew"]
  pruneopts = "UT"
  revision = "8991bc29aa16c548c550c7ff78260e27b9ab7c73"
  version = "v1.1.1"

[[projects]]
  digest = "1:938a2672d6ebbb7f7bc63eee3e4b9464c16ffcf77ec8913d3edbf32b4e3984dd"
  name = "github.com/fatih/color"
  packages = ["."]
  pruneopts = "UT"
  revision = "570b54cabe6b8eb0bc2dfce68d964677d63b5260"
  version = "v1.5.0"

[[projects]]
  digest = "1:af43bdaaf86655a2343f113e9b293bbc16b12099eaeb223982bbe4d4c22ba14d"
  name = "github.com/fatih/structs"
  packages = ["."]
  pruneopts = "UT"
  revision = "4966fc68f5b7593aafa6cbbba2d65ec6e1416047"
  version = "v1.1.0"

[[projects]]
  digest = "1:2b59aca2665ff804f6606c8829eaee133ddd3aefbc841014660d961b0034f888"
  name = "github.com/gin-contrib/cors"
  packages = ["."]
  pruneopts = "UT"
  revision = "cf4846e6a636a76237a28d9286f163c132e841bc"
  version = "v1.2"

[[projects]]
  branch = "master"
  digest = "1:36fe9527deed01d2a317617e59304eb2c4ce9f8a24115bcc5c2e37b3aee5bae4"
  name = "github.com/gin-contrib/sse"
  packages = ["."]
  pruneopts = "UT"
  revision = "22d885f9ecc78bf4ee5d72b937e4bbcdc58e8cae"

[[projects]]
  digest = "1:d5083934eb25e45d17f72ffa86cae3814f4a9d6c073c4f16b64147169b245606"
  name = "github.com/gin-gonic/gin"
  packages = [
    ".",
    "binding",
    "json",
    "render",
  ]
  pruneopts = "UT"
  revision = "b869fe1415e4b9eb52f247441830d502aece2d4d"
  version = "v1.3.0"

[[projects]]
  digest = "1:6ba96a683441984156b05568b9d31dbc846d3336d21ac220fcc819a367dc1f65"
  name = "github.com/golang/protobuf"
  packages = ["proto"]
  pruneopts = "UT"
  revision = "5a0f697c9ed9d68fef0116532c6e05cfeae00e55"

[[projects]]
  digest = "1:ecd9aa82687cf31d1585d4ac61d0ba180e42e8a6182b85bd785fcca8dfeefc1b"
  name = "github.com/joho/godotenv"
  packages = ["."]
  pruneopts = "UT"
  revision = "23d116af351c84513e1946b527c88823e476be13"
  version = "v1.3.0"

[[projects]]
  digest = "1:be97e109f627d3ba8edfef50c9c74f0d0c17cbe3a2e924a8985e4804a894f282"
  name = "github.com/json-iterator/go"
  packages = ["."]
  pruneopts = "UT"
  revision = "36b14963da70d11297d313183d7e6388c8510e1e"
  version = "1.0.0"

[[projects]]
  digest = "1:31fcf8f5f8f6cc36ef11182c0a0f63ba464e1a7ad9f0e92a7cf46f38bfc0adfd"
  name = "github.com/mattn/go-colorable"
  packages = ["."]
  pruneopts = "UT"
  revision = "5411d3eea5978e6cdc258b30de592b60df6aba96"

[[projects]]
  digest = "1:fa610f9fe6a93f4a75e64c83673dfff9bf1a34bbb21e6102021b6bc7850834a3"
  name = "github.com/mattn/go-isatty"
  packages = ["."]
  pruneopts = "UT"
  revision = "57fdcb988a5c543893cc61bce354a6e24ab70022"

[[projects]]
  digest = "1:53bc4cd4914cd7cd52139990d5170d6dc99067ae31c56530621b18b35fc30318"
  name = "github.com/mitchellh/mapstructure"
  packages = ["."]
  pruneopts = "UT"
  revision = "3536a929edddb9a5b34bd6861dc4a9647cb459fe"
  version = "v1.1.2"

[[projects]]
  digest = "1:0028cb19b2e4c3112225cd871870f2d9cf49b9b4276531f03438a88e94be86fe"
  name = "github.com/pmezard/go-difflib"
  packages = ["difflib"]
  pruneopts = "UT"
  revision = "792786c7400a136282c1664665ae0a8db921c6c2"
  version = "v1.0.0"

[[projects]]
  branch = "master"
  digest = "1:74aa99ef18406ebfdedfb2a07b9a01f9ff2b6d2547b27b33fcdf1007223d75cc"
  name = "github.com/spacemonkeygo/openssl"
  packages = [
    ".",
    "utils",
  ]
  pruneopts = "UT"
  revision = "c2dcc5cca94ac8f7f3f0c20e20050d4cce9d9730"

[[projects]]
  branch = "master"
  digest = "1:d6956eb95db39859627c18e1dd425b2ddd1a0d6000b643a4d4ada8fc887c1e09"
  name = "github.com/spacemonkeygo/spacelog"
  packages = ["."]
  pruneopts = "UT"
  revision = "2296661a0572a51438413369004fa931c2641923"

[[projects]]
  digest = "1:18752d0b95816a1b777505a97f71c7467a8445b8ffb55631a7bf779f6ba4fa83"
  name = "github.com/stretchr/testify"
  packages = ["assert"]
  pruneopts = "UT"
  revision = "f35b8ab0b5a2cef36673838d662e249dd9c94686"
  version = "v1.2.2"

[[projects]]
  digest = "1:f26280dbe41f8faadb23f56b660e57c7e659a9d9e62b4d2450b7907530beb70b"
  name = "github.com/stripe/stripe-go"
  packages = [
    ".",
    "account",
    "applepaydomain",
    "balance",
    "bankaccount",
    "bitcoinreceiver",
    "bitcointransaction",
    "card",
    "charge",
    "client",
    "countryspec",
    "coupon",
    "customer",
    "discount",
    "dispute",
    "ephemeralkey",
    "event",
    "exchangerate",
    "fee",
    "feerefund",
    "file",
    "filelink",
    "form",
    "invoice",
    "invoiceitem",
    "issuerfraudrecord",
    "issuing/authorization",
    "issuing/card",
    "issuing/cardholder",
    "issuing/dispute",
    "issuing/transaction",
    "loginlink",
    "order",
    "orderreturn",
    "paymentintent",
    "paymentsource",
    "payout",
    "plan",
    "product",
    "recipient",
    "refund",
    "reporting/reportrun",
    "reporting/reporttype",
    "reversal",
    "sigma/scheduledqueryrun",
    "sku",
    "source",
    "sourcetransaction",
    "sub",
    "subitem",
    "terminal/connectiontoken",
    "terminal/location",
    "terminal/reader",
    "token",
    "topup",
    "transfer",
    "usagerecord",
    "webhookendpoint",
  ]
  pruneopts = "UT"
  revision = "e2f967acf5f1f5b75ce29b3e633c082074359029"
  version = "v52.1.0"

[[projects]]
  digest = "1:c268acaa4a4d94a467980e5e91452eb61c460145765293dc0aed48e5e9919cc6"
  name = "github.com/ugorji/go"
  packages = ["codec"]
  pruneopts = "UT"
  revision = "c88ee250d0221a57af388746f5cf03768c21d6e2"

[[projects]]
  branch = "master"
  digest = "1:35560529f5721d65f36dc23aa15fbf7306c5091cdc3f29f65881af5031b80cc8"
  name = "golang.org/x/sys"
  packages = ["unix"]
  pruneopts = "UT"
  revision = "9b800f95dbbc54abff0acf7ee32d88ba4e328c89"

[[projects]]
  digest = "1:1b4724d3c8125f6044925f02b485b74bfec9905cbf579d95aafd1a6c8f8447d3"
  name = "gopkg.in/go-playground/validator.v8"
  packages = ["."]
  pruneopts = "UT"
  revision = "5f57d2222ad794d0dffb07e664ea05e2ee07d60c"
  version = "v8.18.1"

[[projects]]
  digest = "1:cacb98d52c60c337c2ce95a7af83ba0313a93ce5e73fa9e99a96aff70776b9d3"
  name = "gopkg.in/yaml.v2"
  packages = ["."]
  pruneopts = "UT"
  revision = "a5b47d31c556af34a302ce5d659e6fea44d90de0"

[solve-meta]
  analyzer-name = "dep"
  analyzer-version = 1
  input-imports = [
    "github.com/bluele/slack",
    "github.com/fatih/color",
    "github.com/fatih/structs",
    "github.com/gin-contrib/cors",
    "github.com/gin-gonic/gin",
    "github.com/joho/godotenv",
    "github.com/mitchellh/mapstructure",
    "github.com/spacemonkeygo/openssl",
    "github.com/stretchr/testify/assert",
    "github.com/stripe/stripe-go",
    "github.com/stripe/stripe-go/charge",
    "github.com/stripe/stripe-go/client",
    "github.com/stripe/stripe-go/customer",
    "github.com/stripe/stripe-go/product",
    "github.com/stripe/stripe-go/sub",
  ]
  solver-name = "gps-cdcl"
  solver-version = 1
